
Microsoft Visual Studio Solution File, Format Version 12.00
# Visual Studio Version 17
VisualStudioVersion = 17.14.36518.9 d17.14
MinimumVisualStudioVersion = 10.0.40219.1
Project("{FAE04EC0-301F-11D3-BF4B-00C04F79EFBC}") = "QuizTwo", "QuizTwo\QuizTwo.csproj", "{E2C75555-F4EC-42C1-844B-C49550437481}"
EndProject
Global
	GlobalSection(SolutionConfigurationPlatforms) = preSolution
		Debug|Any CPU = Debug|Any CPU
		Release|Any CPU = Release|Any CPU
	EndGlobalSection
	GlobalSection(ProjectConfigurationPlatforms) = postSolution
		{E2C75555-F4EC-42C1-844B-C49550437481}.Debug|Any CPU.ActiveCfg = Debug|Any CPU
		{E2C75555-F4EC-42C1-844B-C49550437481}.Debug|Any CPU.Build.0 = Debug|Any CPU
		{E2C75555-F4EC-42C1-844B-C49550437481}.Release|Any CPU.ActiveCfg = Release|Any CPU
		{E2C75555-F4EC-42C1-844B-C49550437481}.Release|Any CPU.Build.0 = Release|Any CPU
	EndGlobalSection
	GlobalSection(SolutionProperties) = preSolution
		HideSolutionNode = FALSE
	EndGlobalSection
	GlobalSection(ExtensibilityGlobals) = postSolution
		SolutionGuid = {75EF2800-B24C-4EA7-8817-7F0F60CB9851}
	EndGlobalSection
EndGlobal
